schema: '2.0'
stages:
  evaluation@disease:
    cmd: python eval.py --annotation_files ../../annotations/ner/annotations10_EmmanuelleLogette_2020-08-28_raw1_raw5_10EntityTypes.jsonl,../../annotations/ner/annotations12_EmmanuelleLogette_2020-08-28_raw7_10EntityTypes.jsonl
      --model ../../models/ner_er/model1 --output_file ../../metrics/ner/disease.json
      --etype disease
    deps:
    - path: ../../annotations/ner/annotations10_EmmanuelleLogette_2020-08-28_raw1_raw5_10EntityTypes.jsonl
      md5: 563441b77b5c39063cda3fa0fb03803c
      size: 883041
    - path: ../../annotations/ner/annotations12_EmmanuelleLogette_2020-08-28_raw7_10EntityTypes.jsonl
      md5: 117da032ef2e2792429dff88c06c90b7
      size: 62653
    - path: ../../models/ner_er/model1
      md5: d91e7c3fda3c90ec7c773f5173b05dd6.dir
      size: 171634244
      nfiles: 21
    - path: Dockerfile
      md5: 278779756800bc6d1ec980d48bd0dc8c
      size: 1715
    - path: eval.py
      md5: 07eab89add39ea6341cb8fe0aad9ad27
      size: 3399
    params:
      params.yaml:
        eval.disease:
          etype_name: DISEASE
    outs:
    - path: ../../metrics/ner/disease.json
      md5: 52293699b54473fcfe99fc80d06d969c
      size: 274
  evaluation@cell_compartment:
    cmd: python eval.py --annotation_files ../../annotations/ner/annotations10_EmmanuelleLogette_2020-08-28_raw1_raw5_10EntityTypes.jsonl,../../annotations/ner/annotations12_EmmanuelleLogette_2020-08-28_raw7_10EntityTypes.jsonl
      --model ../../models/ner_er/model2 --output_file ../../metrics/ner/cell_compartment.json
      --etype cell_compartment
    deps:
    - path: ../../annotations/ner/annotations10_EmmanuelleLogette_2020-08-28_raw1_raw5_10EntityTypes.jsonl
      md5: 563441b77b5c39063cda3fa0fb03803c
      size: 883041
    - path: ../../annotations/ner/annotations12_EmmanuelleLogette_2020-08-28_raw7_10EntityTypes.jsonl
      md5: 117da032ef2e2792429dff88c06c90b7
      size: 62653
    - path: ../../models/ner_er/model2
      md5: c56f33bfb9b3e5fab8857e7cc1408fcc.dir
      size: 171651553
      nfiles: 21
    - path: Dockerfile
      md5: 278779756800bc6d1ec980d48bd0dc8c
      size: 1715
    - path: eval.py
      md5: 07eab89add39ea6341cb8fe0aad9ad27
      size: 3399
    params:
      params.yaml:
        eval.cell_compartment:
          etype_name: CELLULAR_COMPONENT
    outs:
    - path: ../../metrics/ner/cell_compartment.json
      md5: 79cb776064ca80e93089747080f79fc4
      size: 178
  evaluation@drug:
    cmd: python eval.py --annotation_files ../../annotations/ner/annotations10_EmmanuelleLogette_2020-08-28_raw1_raw5_10EntityTypes.jsonl,../../annotations/ner/annotations12_EmmanuelleLogette_2020-08-28_raw7_10EntityTypes.jsonl
      --model ../../models/ner_er/model2 --output_file ../../metrics/ner/drug.json
      --etype drug
    deps:
    - path: ../../annotations/ner/annotations10_EmmanuelleLogette_2020-08-28_raw1_raw5_10EntityTypes.jsonl
      md5: 563441b77b5c39063cda3fa0fb03803c
      size: 883041
    - path: ../../annotations/ner/annotations12_EmmanuelleLogette_2020-08-28_raw7_10EntityTypes.jsonl
      md5: 117da032ef2e2792429dff88c06c90b7
      size: 62653
    - path: ../../models/ner_er/model2
      md5: c56f33bfb9b3e5fab8857e7cc1408fcc.dir
      size: 171651553
      nfiles: 21
    - path: Dockerfile
      md5: 278779756800bc6d1ec980d48bd0dc8c
      size: 1715
    - path: eval.py
      md5: 07eab89add39ea6341cb8fe0aad9ad27
      size: 3399
    params:
      params.yaml:
        eval.drug:
          etype_name: SIMPLE_CHEMICAL
    outs:
    - path: ../../metrics/ner/drug.json
      md5: 2582c83faafda778dd0bcf367c1bc57f
      size: 178
  evaluation@organ:
    cmd: python eval.py --annotation_files ../../annotations/ner/annotations10_EmmanuelleLogette_2020-08-28_raw1_raw5_10EntityTypes.jsonl,../../annotations/ner/annotations12_EmmanuelleLogette_2020-08-28_raw7_10EntityTypes.jsonl
      --model ../../models/ner_er/model2 --output_file ../../metrics/ner/organ.json
      --etype organ
    deps:
    - path: ../../annotations/ner/annotations10_EmmanuelleLogette_2020-08-28_raw1_raw5_10EntityTypes.jsonl
      md5: 563441b77b5c39063cda3fa0fb03803c
      size: 883041
    - path: ../../annotations/ner/annotations12_EmmanuelleLogette_2020-08-28_raw7_10EntityTypes.jsonl
      md5: 117da032ef2e2792429dff88c06c90b7
      size: 62653
    - path: ../../models/ner_er/model2
      md5: c56f33bfb9b3e5fab8857e7cc1408fcc.dir
      size: 171651553
      nfiles: 21
    - path: Dockerfile
      md5: 278779756800bc6d1ec980d48bd0dc8c
      size: 1715
    - path: eval.py
      md5: 07eab89add39ea6341cb8fe0aad9ad27
      size: 3399
    params:
      params.yaml:
        eval.organ:
          etype_name: ORGAN
    outs:
    - path: ../../metrics/ner/organ.json
      md5: 026244e405d8be8cb523fcd4b64dc6cd
      size: 275
  evaluation@chemical:
    cmd: python eval.py --annotation_files ../../annotations/ner/annotations10_EmmanuelleLogette_2020-08-28_raw1_raw5_10EntityTypes.jsonl,../../annotations/ner/annotations12_EmmanuelleLogette_2020-08-28_raw7_10EntityTypes.jsonl
      --model ../../models/ner_er/model3 --output_file ../../metrics/ner/chemical.json
      --etype chemical
    deps:
    - path: ../../annotations/ner/annotations10_EmmanuelleLogette_2020-08-28_raw1_raw5_10EntityTypes.jsonl
      md5: 563441b77b5c39063cda3fa0fb03803c
      size: 883041
    - path: ../../annotations/ner/annotations12_EmmanuelleLogette_2020-08-28_raw7_10EntityTypes.jsonl
      md5: 117da032ef2e2792429dff88c06c90b7
      size: 62653
    - path: ../../models/ner_er/model3
      md5: 4cf7e753d704b183b54e41fc8f0a6a10.dir
      size: 171674754
      nfiles: 21
    - path: Dockerfile
      md5: 278779756800bc6d1ec980d48bd0dc8c
      size: 1715
    - path: eval.py
      md5: 07eab89add39ea6341cb8fe0aad9ad27
      size: 3399
    params:
      params.yaml:
        eval.chemical:
          etype_name: CHEBI
    outs:
    - path: ../../metrics/ner/chemical.json
      md5: c7ce87e9532847a9695fc4cf098bc866
      size: 180
  evaluation@organism:
    cmd: python eval.py --annotation_files ../../annotations/ner/annotations10_EmmanuelleLogette_2020-08-28_raw1_raw5_10EntityTypes.jsonl,../../annotations/ner/annotations12_EmmanuelleLogette_2020-08-28_raw7_10EntityTypes.jsonl
      --model ../../models/ner_er/model3 --output_file ../../metrics/ner/organism.json
      --etype organism
    deps:
    - path: ../../annotations/ner/annotations10_EmmanuelleLogette_2020-08-28_raw1_raw5_10EntityTypes.jsonl
      md5: 563441b77b5c39063cda3fa0fb03803c
      size: 883041
    - path: ../../annotations/ner/annotations12_EmmanuelleLogette_2020-08-28_raw7_10EntityTypes.jsonl
      md5: 117da032ef2e2792429dff88c06c90b7
      size: 62653
    - path: ../../models/ner_er/model3
      md5: 4cf7e753d704b183b54e41fc8f0a6a10.dir
      size: 171674754
      nfiles: 21
    - path: Dockerfile
      md5: 278779756800bc6d1ec980d48bd0dc8c
      size: 1715
    - path: eval.py
      md5: 07eab89add39ea6341cb8fe0aad9ad27
      size: 3399
    params:
      params.yaml:
        eval.organism:
          etype_name: TAXON
    outs:
    - path: ../../metrics/ner/organism.json
      md5: a69c660916ad755e9cea54bbe7c4675d
      size: 180
  evaluation@cell_type:
    cmd: python eval.py --annotation_files ../../annotations/ner/annotations10_EmmanuelleLogette_2020-08-28_raw1_raw5_10EntityTypes.jsonl,../../annotations/ner/annotations12_EmmanuelleLogette_2020-08-28_raw7_10EntityTypes.jsonl
      --model ../../models/ner_er/model4 --output_file ../../metrics/ner/cell_type.json
      --etype cell_type
    deps:
    - path: ../../annotations/ner/annotations10_EmmanuelleLogette_2020-08-28_raw1_raw5_10EntityTypes.jsonl
      md5: 563441b77b5c39063cda3fa0fb03803c
      size: 883041
    - path: ../../annotations/ner/annotations12_EmmanuelleLogette_2020-08-28_raw7_10EntityTypes.jsonl
      md5: 117da032ef2e2792429dff88c06c90b7
      size: 62653
    - path: ../../models/ner_er/model4
      md5: fdddbd0527efb3b213a2f69ed2995dc4.dir
      size: 171654334
      nfiles: 21
    - path: Dockerfile
      md5: 278779756800bc6d1ec980d48bd0dc8c
      size: 1715
    - path: eval.py
      md5: 07eab89add39ea6341cb8fe0aad9ad27
      size: 3399
    params:
      params.yaml:
        eval.cell_type:
          etype_name: CELL_TYPE
    outs:
    - path: ../../metrics/ner/cell_type.json
      md5: 07688b231f6a4faf4aca518c436328cd
      size: 272
  evaluation@protein:
    cmd: python eval.py --annotation_files ../../annotations/ner/annotations10_EmmanuelleLogette_2020-08-28_raw1_raw5_10EntityTypes.jsonl,../../annotations/ner/annotations12_EmmanuelleLogette_2020-08-28_raw7_10EntityTypes.jsonl
      --model ../../models/ner_er/model4 --output_file ../../metrics/ner/protein.json
      --etype protein
    deps:
    - path: ../../annotations/ner/annotations10_EmmanuelleLogette_2020-08-28_raw1_raw5_10EntityTypes.jsonl
      md5: 563441b77b5c39063cda3fa0fb03803c
      size: 883041
    - path: ../../annotations/ner/annotations12_EmmanuelleLogette_2020-08-28_raw7_10EntityTypes.jsonl
      md5: 117da032ef2e2792429dff88c06c90b7
      size: 62653
    - path: ../../models/ner_er/model4
      md5: fdddbd0527efb3b213a2f69ed2995dc4.dir
      size: 171654334
      nfiles: 21
    - path: Dockerfile
      md5: 278779756800bc6d1ec980d48bd0dc8c
      size: 1715
    - path: eval.py
      md5: 07eab89add39ea6341cb8fe0aad9ad27
      size: 3399
    params:
      params.yaml:
        eval.protein:
          etype_name: PROTEIN
    outs:
    - path: ../../metrics/ner/protein.json
      md5: a074d0520bf3228bc08b93966f522338
      size: 274
  evaluation@pathway:
    cmd: python eval.py --annotation_files ../../annotations/ner/annotations10_EmmanuelleLogette_2020-08-28_raw1_raw5_10EntityTypes.jsonl,../../annotations/ner/annotations12_EmmanuelleLogette_2020-08-28_raw7_10EntityTypes.jsonl
      --model ../../models/ner_er/model5 --output_file ../../metrics/ner/pathway.json
      --etype pathway
    deps:
    - path: ../../annotations/ner/annotations10_EmmanuelleLogette_2020-08-28_raw1_raw5_10EntityTypes.jsonl
      md5: 563441b77b5c39063cda3fa0fb03803c
      size: 883041
    - path: ../../annotations/ner/annotations12_EmmanuelleLogette_2020-08-28_raw7_10EntityTypes.jsonl
      md5: 117da032ef2e2792429dff88c06c90b7
      size: 62653
    - path: ../../models/ner_er/model5
      md5: 91bb722c41ec442079e698fc5dda6352.dir
      size: 171672098
      nfiles: 21
    - path: Dockerfile
      md5: 278779756800bc6d1ec980d48bd0dc8c
      size: 1715
    - path: eval.py
      md5: 07eab89add39ea6341cb8fe0aad9ad27
      size: 3399
    params:
      params.yaml:
        eval.pathway:
          etype_name: PATHWAY
    outs:
    - path: ../../metrics/ner/pathway.json
      md5: 03a8724f74b3577a5e7ccef097cc6682
      size: 276
  add_er_1:
    cmd: python add_er.py --model ../../models/ner/model1/model-best/ --etypes disease
      --patterns_file ../../annotations/ner/rule_based_patterns.jsonl --output_file
      ../../models/ner_er/model1
    deps:
    - path: ../../annotations/ner/rule_based_patterns.jsonl
      md5: 044c1a326c2472aa4eb72c4c98a7400b
      size: 1709
    - path: ../../models/ner/model1/model-best/
      md5: 88f043c8ad542ad216cb2ee6d9eaf745.dir
      size: 171632370
      nfiles: 19
    - path: Dockerfile
      md5: 278779756800bc6d1ec980d48bd0dc8c
      size: 1715
    - path: add_er.py
      md5: fd8f9fb459f1750c89b99475664a8606
      size: 2542
    params:
      params.yaml:
        eval.disease:
          etype_name: DISEASE
    outs:
    - path: ../../models/ner_er/model1
      md5: d91e7c3fda3c90ec7c773f5173b05dd6.dir
      size: 171634244
      nfiles: 21
  add_er_2:
    cmd: python add_er.py --model ../../models/ner/model2/model-best/ --etypes cell_compartment,drug,organ
      --patterns_file ../../annotations/ner/rule_based_patterns.jsonl --output_file
      ../../models/ner_er/model2
    deps:
    - path: ../../annotations/ner/rule_based_patterns.jsonl
      md5: 044c1a326c2472aa4eb72c4c98a7400b
      size: 1709
    - path: ../../models/ner/model2/model-best/
      md5: 6ce8f3486acf67746054a48b8a9b2de8.dir
      size: 171649665
      nfiles: 19
    - path: Dockerfile
      md5: 278779756800bc6d1ec980d48bd0dc8c
      size: 1715
    - path: add_er.py
      md5: fd8f9fb459f1750c89b99475664a8606
      size: 2542
    params:
      params.yaml:
        eval.cell_compartment:
          etype_name: CELLULAR_COMPONENT
        eval.drug:
          etype_name: SIMPLE_CHEMICAL
        eval.organ:
          etype_name: ORGAN
    outs:
    - path: ../../models/ner_er/model2
      md5: c56f33bfb9b3e5fab8857e7cc1408fcc.dir
      size: 171651553
      nfiles: 21
  add_er_3:
    cmd: python add_er.py --model ../../models/ner/model3/model-best/ --etypes chemical,organism
      --patterns_file ../../annotations/ner/rule_based_patterns.jsonl --output_file
      ../../models/ner_er/model3
    deps:
    - path: ../../annotations/ner/rule_based_patterns.jsonl
      md5: 044c1a326c2472aa4eb72c4c98a7400b
      size: 1709
    - path: ../../models/ner/model3/model-best/
      md5: ddee7ad4192d2a9ba40e1ebd0e9e51a4.dir
      size: 171672880
      nfiles: 19
    - path: Dockerfile
      md5: 278779756800bc6d1ec980d48bd0dc8c
      size: 1715
    - path: add_er.py
      md5: fd8f9fb459f1750c89b99475664a8606
      size: 2542
    params:
      params.yaml:
        eval.chemical:
          etype_name: CHEBI
        eval.organism:
          etype_name: TAXON
    outs:
    - path: ../../models/ner_er/model3
      md5: 4cf7e753d704b183b54e41fc8f0a6a10.dir
      size: 171674754
      nfiles: 21
  add_er_4:
    cmd: python add_er.py --model ../../models/ner/model4/model-best/ --etypes cell_type,protein
      --patterns_file ../../annotations/ner/rule_based_patterns.jsonl --output_file
      ../../models/ner_er/model4
    deps:
    - path: ../../annotations/ner/rule_based_patterns.jsonl
      md5: 044c1a326c2472aa4eb72c4c98a7400b
      size: 1709
    - path: ../../models/ner/model4/model-best/
      md5: 15ce9e92afba2cef80a3030d9db0063e.dir
      size: 171652460
      nfiles: 19
    - path: Dockerfile
      md5: 278779756800bc6d1ec980d48bd0dc8c
      size: 1715
    - path: add_er.py
      md5: fd8f9fb459f1750c89b99475664a8606
      size: 2542
    params:
      params.yaml:
        eval.cell_type:
          etype_name: CELL_TYPE
        eval.protein:
          etype_name: PROTEIN
    outs:
    - path: ../../models/ner_er/model4
      md5: fdddbd0527efb3b213a2f69ed2995dc4.dir
      size: 171654334
      nfiles: 21
  add_er_5:
    cmd: python add_er.py --model ../../models/ner/model5/model-best/ --etypes pathway
      --patterns_file ../../annotations/ner/rule_based_patterns.jsonl --output_file
      ../../models/ner_er/model5
    deps:
    - path: ../../annotations/ner/rule_based_patterns.jsonl
      md5: 044c1a326c2472aa4eb72c4c98a7400b
      size: 1709
    - path: ../../models/ner/model5/model-best/
      md5: b5a45d24183990e54fa8681217eb2645.dir
      size: 171670210
      nfiles: 19
    - path: Dockerfile
      md5: 278779756800bc6d1ec980d48bd0dc8c
      size: 1715
    - path: add_er.py
      md5: fd8f9fb459f1750c89b99475664a8606
      size: 2542
    params:
      params.yaml:
        eval.pathway:
          etype_name: PATHWAY
    outs:
    - path: ../../models/ner_er/model5
      md5: 91bb722c41ec442079e698fc5dda6352.dir
      size: 171672098
      nfiles: 21
  interrater:
    cmd: python interrater.py --annotations1 ../../annotations/ner/annotations10_EmmanuelleLogette_2020-08-28_raw1_raw5_10EntityTypes.jsonl,../../annotations/ner/annotations12_EmmanuelleLogette_2020-08-28_raw7_10EntityTypes.jsonl        --annotations2
      ../../annotations/ner/annotations11_CharlotteLorin_2020-08-28_raw1_10EntityTypes.jsonl,../../annotations/ner/annotations13_CharlotteLorin_2020-09-02_raw7_10EntityTypes.jsonl
      --output_dir ../../metrics/ner/interrater/
    deps:
    - path: ../../annotations/ner/annotations10_EmmanuelleLogette_2020-08-28_raw1_raw5_10EntityTypes.jsonl
      md5: 563441b77b5c39063cda3fa0fb03803c
      size: 883041
    - path: ../../annotations/ner/annotations11_CharlotteLorin_2020-08-28_raw1_10EntityTypes.jsonl
      md5: 735cba4532a4c2c5e928399eafc1000f
      size: 806212
    - path: ../../annotations/ner/annotations12_EmmanuelleLogette_2020-08-28_raw7_10EntityTypes.jsonl
      md5: 117da032ef2e2792429dff88c06c90b7
      size: 62653
    - path: ../../annotations/ner/annotations13_CharlotteLorin_2020-09-02_raw7_10EntityTypes.jsonl
      md5: 6e248863604ce14861f38e7c9a8281bb
      size: 64285
    - path: Dockerfile
      md5: 278779756800bc6d1ec980d48bd0dc8c
      size: 1715
    - path: interrater.py
      md5: dd9cabff57a4608753e0777838f9c746
      size: 2984
    outs:
    - path: ../../metrics/ner/interrater/cell_compartment.json
      md5: 1c5c2f5fb7dc7f792f4a3a974fe753f8
      size: 246
    - path: ../../metrics/ner/interrater/cell_type.json
      md5: 5da8476adaad46fd5236dc9da81e8624
      size: 273
    - path: ../../metrics/ner/interrater/chemical.json
      md5: 9842e0e07063f735ecff0bc082999b18
      size: 260
    - path: ../../metrics/ner/interrater/condition.json
      md5: 23eb361695b6b80ccd3e9137a52725c4
      size: 274
    - path: ../../metrics/ner/interrater/disease.json
      md5: 110df2aa12b86f04c19656a43cea8bd2
      size: 274
    - path: ../../metrics/ner/interrater/drug.json
      md5: f58359194658db2bb26483eaf0b931dc
      size: 260
    - path: ../../metrics/ner/interrater/organ.json
      md5: 6652f267bbcc37cd9ac4a9c934085aae
      size: 261
    - path: ../../metrics/ner/interrater/organism.json
      md5: 6e74ba7077e2a999ed6dc598ee78419d
      size: 274
    - path: ../../metrics/ner/interrater/pathway.json
      md5: e038e353873bb5e222e28d6b66d78ee9
      size: 274
    - path: ../../metrics/ner/interrater/protein.json
      md5: 7c7aaf345cba6d103ccf690da0e2f898
      size: 274
  convert_annotations@annotation5:
    cmd: python preprocess.py ../../annotations/ner/annotations5_EmmanuelleLogette_2020-06-30_raw2_Disease.jsonl
    deps:
    - path: ../../annotations/ner/annotations5_EmmanuelleLogette_2020-06-30_raw2_Disease.jsonl
      md5: 613308ed830d86284a1aee2747d911d0
      size: 324136
    - path: Dockerfile
      md5: 278779756800bc6d1ec980d48bd0dc8c
      size: 1715
    - path: preprocess.py
      md5: 88bf9f041552470b38febe664d78bcd7
      size: 4254
    params:
      params.yaml:
        train.corpora.dev_size: 0.1
        train.corpora.shuffle_seed: 0
    outs:
    - path: ../../annotations/ner/annotations5_EmmanuelleLogette_2020-06-30_raw2_Disease.dev.spacy
      md5: 546b61b98d054faf09a2aef64cfa8fa9
      size: 5270
    - path: ../../annotations/ner/annotations5_EmmanuelleLogette_2020-06-30_raw2_Disease.train.spacy
      md5: 354506c86cab1fd87d89ca7c9e5ebe88
      size: 37607
  training@model1:
    cmd: python -m spacy train config.cfg --output ../../models/ner/model1/ --code
      initialize.py --paths.train ../../annotations/ner/annotations5_EmmanuelleLogette_2020-06-30_raw2_Disease.train.spacy
      --paths.dev ../../annotations/ner/annotations5_EmmanuelleLogette_2020-06-30_raw2_Disease.dev.spacy
      --paths.base_model en_ner_bc5cdr_md && python patch.py ../../models/ner/model1/model-best/vocab/strings.json
    deps:
    - path: ../../annotations/ner/annotations5_EmmanuelleLogette_2020-06-30_raw2_Disease.dev.spacy
      md5: 546b61b98d054faf09a2aef64cfa8fa9
      size: 5270
    - path: ../../annotations/ner/annotations5_EmmanuelleLogette_2020-06-30_raw2_Disease.train.spacy
      md5: 354506c86cab1fd87d89ca7c9e5ebe88
      size: 37607
    - path: Dockerfile
      md5: 278779756800bc6d1ec980d48bd0dc8c
      size: 1715
    - path: config.cfg
      md5: 62036abf90ae1060398894986e51aeb3
      size: 3224
    - path: initialize.py
      md5: 9b530bddadbeb09fe263ca8e4d59f429
      size: 1510
    outs:
    - path: ../../models/ner/model1/model-best/
      md5: 88f043c8ad542ad216cb2ee6d9eaf745.dir
      size: 171632370
      nfiles: 19
  convert_annotations@annotation6:
    cmd: python preprocess.py ../../annotations/ner/annotations6_EmmanuelleLogette_2020-07-07_raw4_TaxonChebi.jsonl
    deps:
    - path: ../../annotations/ner/annotations6_EmmanuelleLogette_2020-07-07_raw4_TaxonChebi.jsonl
      md5: 4b6fff4b0091fa10ae7c88a4aeb42ae0
      size: 969928
    - path: Dockerfile
      md5: 278779756800bc6d1ec980d48bd0dc8c
      size: 1715
    - path: preprocess.py
      md5: 88bf9f041552470b38febe664d78bcd7
      size: 4254
    params:
      params.yaml:
        train.corpora.dev_size: 0.1
        train.corpora.shuffle_seed: 0
    outs:
    - path: ../../annotations/ner/annotations6_EmmanuelleLogette_2020-07-07_raw4_TaxonChebi.dev.spacy
      md5: dff429b52b4a196098acc24ca6c1492d
      size: 14448
    - path: ../../annotations/ner/annotations6_EmmanuelleLogette_2020-07-07_raw4_TaxonChebi.train.spacy
      md5: 743fa944538637100d83727ed51de28a
      size: 94618
  training@model3:
    cmd: python -m spacy train config.cfg --output ../../models/ner/model3/ --code
      initialize.py --paths.train ../../annotations/ner//annotations6_EmmanuelleLogette_2020-07-07_raw4_TaxonChebi.train.spacy
      --paths.dev ../../annotations/ner//annotations6_EmmanuelleLogette_2020-07-07_raw4_TaxonChebi.dev.spacy
      --paths.base_model en_ner_craft_md && python patch.py ../../models/ner/model3/model-best/vocab/strings.json
    deps:
    - path: ../../annotations/ner//annotations6_EmmanuelleLogette_2020-07-07_raw4_TaxonChebi.dev.spacy
      md5: dff429b52b4a196098acc24ca6c1492d
      size: 14448
    - path: ../../annotations/ner//annotations6_EmmanuelleLogette_2020-07-07_raw4_TaxonChebi.train.spacy
      md5: 743fa944538637100d83727ed51de28a
      size: 94618
    - path: Dockerfile
      md5: 278779756800bc6d1ec980d48bd0dc8c
      size: 1715
    - path: config.cfg
      md5: 62036abf90ae1060398894986e51aeb3
      size: 3224
    - path: initialize.py
      md5: 9b530bddadbeb09fe263ca8e4d59f429
      size: 1510
    outs:
    - path: ../../models/ner/model3/model-best/
      md5: ddee7ad4192d2a9ba40e1ebd0e9e51a4.dir
      size: 171672880
      nfiles: 19
  convert_annotations@annotation10:
    cmd: python preprocess.py ../../annotations/ner/annotations10_EmmanuelleLogette_2020-08-28_raw1_raw5_10EntityTypes.jsonl
    deps:
    - path: ../../annotations/ner/annotations10_EmmanuelleLogette_2020-08-28_raw1_raw5_10EntityTypes.jsonl
      md5: 563441b77b5c39063cda3fa0fb03803c
      size: 883041
    - path: Dockerfile
      md5: 278779756800bc6d1ec980d48bd0dc8c
      size: 1715
    - path: preprocess.py
      md5: 88bf9f041552470b38febe664d78bcd7
      size: 4254
    params:
      params.yaml:
        train.corpora.dev_size: 0.1
        train.corpora.shuffle_seed: 0
    outs:
    - path: ../../annotations/ner/annotations10_EmmanuelleLogette_2020-08-28_raw1_raw5_10EntityTypes.dev.spacy
      md5: 4a2430bcd4735ae274976c12a799613e
      size: 12021
    - path: ../../annotations/ner/annotations10_EmmanuelleLogette_2020-08-28_raw1_raw5_10EntityTypes.train.spacy
      md5: 750b2a5cb41390cef63d1c98d0cc5d5a
      size: 75232
  convert_annotations@annotation14:
    cmd: python preprocess.py ../../annotations/ner/annotations14_EmmanuelleLogette_2020-09-02_raw8_CellCompartmentDrugOrgan.jsonl
    deps:
    - path: ../../annotations/ner/annotations14_EmmanuelleLogette_2020-09-02_raw8_CellCompartmentDrugOrgan.jsonl
      md5: 2459e49418599ff96ab9db60a29b757b
      size: 953728
    - path: Dockerfile
      md5: 278779756800bc6d1ec980d48bd0dc8c
      size: 1715
    - path: preprocess.py
      md5: 88bf9f041552470b38febe664d78bcd7
      size: 4254
    params:
      params.yaml:
        train.corpora.dev_size: 0.1
        train.corpora.shuffle_seed: 0
    outs:
    - path: ../../annotations/ner/annotations14_EmmanuelleLogette_2020-09-02_raw8_CellCompartmentDrugOrgan.dev.spacy
      md5: c32d0016d1e7fee113f31482a656cd0a
      size: 11507
    - path: ../../annotations/ner/annotations14_EmmanuelleLogette_2020-09-02_raw8_CellCompartmentDrugOrgan.train.spacy
      md5: 8835de812e0dc0a1f49f9bf50378f9a4
      size: 76256
  training@model2:
    cmd: python -m spacy train config.cfg --output ../../models/ner/model2/ --code
      initialize.py --paths.train ../../annotations/ner/annotations14_EmmanuelleLogette_2020-09-02_raw8_CellCompartmentDrugOrgan.train.spacy
      --paths.dev ../../annotations/ner/annotations14_EmmanuelleLogette_2020-09-02_raw8_CellCompartmentDrugOrgan.dev.spacy
      --paths.base_model en_ner_bionlp13cg_md && python patch.py ../../models/ner/model2/model-best/vocab/strings.json
    deps:
    - path: ../../annotations/ner/annotations14_EmmanuelleLogette_2020-09-02_raw8_CellCompartmentDrugOrgan.dev.spacy
      md5: c32d0016d1e7fee113f31482a656cd0a
      size: 11507
    - path: ../../annotations/ner/annotations14_EmmanuelleLogette_2020-09-02_raw8_CellCompartmentDrugOrgan.train.spacy
      md5: 8835de812e0dc0a1f49f9bf50378f9a4
      size: 76256
    - path: Dockerfile
      md5: 278779756800bc6d1ec980d48bd0dc8c
      size: 1715
    - path: config.cfg
      md5: 62036abf90ae1060398894986e51aeb3
      size: 3224
    - path: initialize.py
      md5: 9b530bddadbeb09fe263ca8e4d59f429
      size: 1510
    outs:
    - path: ../../models/ner/model2/model-best/
      md5: 6ce8f3486acf67746054a48b8a9b2de8.dir
      size: 171649665
      nfiles: 19
  convert_annotations@annotation9:
    cmd: python preprocess.py ../../annotations/ner/annotations9_EmmanuelleLogette_2020-07-08_raw6_CelltypeProtein.jsonl
    deps:
    - path: ../../annotations/ner/annotations9_EmmanuelleLogette_2020-07-08_raw6_CelltypeProtein.jsonl
      md5: ec5d6b86181b9e4cdefb2b2198d5ae4f
      size: 267307
    - path: Dockerfile
      md5: 278779756800bc6d1ec980d48bd0dc8c
      size: 1715
    - path: preprocess.py
      md5: 88bf9f041552470b38febe664d78bcd7
      size: 4254
    params:
      params.yaml:
        train.corpora.dev_size: 0.1
        train.corpora.shuffle_seed: 0
    outs:
    - path: ../../annotations/ner/annotations9_EmmanuelleLogette_2020-07-08_raw6_CelltypeProtein.dev.spacy
      md5: 31444a174ab1052522ff8b8f4512d8c0
      size: 5884
    - path: ../../annotations/ner/annotations9_EmmanuelleLogette_2020-07-08_raw6_CelltypeProtein.train.spacy
      md5: 3092d8cb8580588ec10400b64dad3074
      size: 28135
  training@model4:
    cmd: python -m spacy train config.cfg --output ../../models/ner/model4/ --code
      initialize.py --paths.train ../../annotations/ner/annotations9_EmmanuelleLogette_2020-07-08_raw6_CelltypeProtein.train.spacy
      --paths.dev ../../annotations/ner/annotations9_EmmanuelleLogette_2020-07-08_raw6_CelltypeProtein.dev.spacy
      --paths.base_model en_ner_jnlpba_md && python patch.py ../../models/ner/model4/model-best/vocab/strings.json
    deps:
    - path: ../../annotations/ner/annotations9_EmmanuelleLogette_2020-07-08_raw6_CelltypeProtein.dev.spacy
      md5: 31444a174ab1052522ff8b8f4512d8c0
      size: 5884
    - path: ../../annotations/ner/annotations9_EmmanuelleLogette_2020-07-08_raw6_CelltypeProtein.train.spacy
      md5: 3092d8cb8580588ec10400b64dad3074
      size: 28135
    - path: Dockerfile
      md5: 278779756800bc6d1ec980d48bd0dc8c
      size: 1715
    - path: config.cfg
      md5: 62036abf90ae1060398894986e51aeb3
      size: 3224
    - path: initialize.py
      md5: 9b530bddadbeb09fe263ca8e4d59f429
      size: 1510
    outs:
    - path: ../../models/ner/model4/model-best/
      md5: 15ce9e92afba2cef80a3030d9db0063e.dir
      size: 171652460
      nfiles: 19
  convert_annotations@annotation15:
    cmd: python preprocess.py ../../annotations/ner/annotations15_EmmanuelleLogette_2020-09-22_raw9_Pathway.jsonl
    deps:
    - path: ../../annotations/ner/annotations15_EmmanuelleLogette_2020-09-22_raw9_Pathway.jsonl
      md5: ceb6ea77d2a6a69962b88218f4f5a663
      size: 394725
    - path: Dockerfile
      md5: 278779756800bc6d1ec980d48bd0dc8c
      size: 1715
    - path: preprocess.py
      md5: 88bf9f041552470b38febe664d78bcd7
      size: 4254
    params:
      params.yaml:
        train.corpora.dev_size: 0.1
        train.corpora.shuffle_seed: 0
    outs:
    - path: ../../annotations/ner/annotations15_EmmanuelleLogette_2020-09-22_raw9_Pathway.dev.spacy
      md5: 1567cdf6cba8f42e3f5330cb68747cba
      size: 5567
    - path: ../../annotations/ner/annotations15_EmmanuelleLogette_2020-09-22_raw9_Pathway.train.spacy
      md5: 1a5143eea163b711c0314c536ba7f448
      size: 35675
  convert_annotations@annotation13:
    cmd: python preprocess.py ../../annotations/ner/annotations13_CharlotteLorin_2020-09-02_raw7_10EntityTypes.jsonl
    deps:
    - path: ../../annotations/ner/annotations13_CharlotteLorin_2020-09-02_raw7_10EntityTypes.jsonl
      md5: 6e248863604ce14861f38e7c9a8281bb
      size: 64285
    - path: Dockerfile
      md5: 278779756800bc6d1ec980d48bd0dc8c
      size: 1715
    - path: preprocess.py
      md5: 88bf9f041552470b38febe664d78bcd7
      size: 4254
    params:
      params.yaml:
        train.corpora.dev_size: 0.1
        train.corpora.shuffle_seed: 0
    outs:
    - path: ../../annotations/ner/annotations13_CharlotteLorin_2020-09-02_raw7_10EntityTypes.dev.spacy
      md5: fd023a7802b2d1378f951573505a71fe
      size: 1641
    - path: ../../annotations/ner/annotations13_CharlotteLorin_2020-09-02_raw7_10EntityTypes.train.spacy
      md5: 6b439fe1fca7906bba66bb72a59ac754
      size: 7182
  training@model5:
    cmd: python -m spacy train config.cfg --output ../../models/ner/model5/ --code
      initialize.py --paths.train ../../annotations/ner/annotations15_EmmanuelleLogette_2020-09-22_raw9_Pathway.train.spacy
      --paths.dev ../../annotations/ner/annotations15_EmmanuelleLogette_2020-09-22_raw9_Pathway.dev.spacy
      --paths.base_model en_ner_craft_md && python patch.py ../../models/ner/model5/model-best/vocab/strings.json
    deps:
    - path: ../../annotations/ner/annotations15_EmmanuelleLogette_2020-09-22_raw9_Pathway.dev.spacy
      md5: 1567cdf6cba8f42e3f5330cb68747cba
      size: 5567
    - path: ../../annotations/ner/annotations15_EmmanuelleLogette_2020-09-22_raw9_Pathway.train.spacy
      md5: 1a5143eea163b711c0314c536ba7f448
      size: 35675
    - path: Dockerfile
      md5: 278779756800bc6d1ec980d48bd0dc8c
      size: 1715
    - path: config.cfg
      md5: 62036abf90ae1060398894986e51aeb3
      size: 3224
    - path: initialize.py
      md5: 9b530bddadbeb09fe263ca8e4d59f429
      size: 1510
    outs:
    - path: ../../models/ner/model5/model-best/
      md5: b5a45d24183990e54fa8681217eb2645.dir
      size: 171670210
      nfiles: 19
  convert_annotations@annotation11:
    cmd: python preprocess.py ../../annotations/ner/annotations11_CharlotteLorin_2020-08-28_raw1_10EntityTypes.jsonl
    deps:
    - path: ../../annotations/ner/annotations11_CharlotteLorin_2020-08-28_raw1_10EntityTypes.jsonl
      md5: 735cba4532a4c2c5e928399eafc1000f
      size: 806212
    - path: Dockerfile
      md5: 278779756800bc6d1ec980d48bd0dc8c
      size: 1715
    - path: preprocess.py
      md5: 88bf9f041552470b38febe664d78bcd7
      size: 4254
    params:
      params.yaml:
        train.corpora.dev_size: 0.1
        train.corpora.shuffle_seed: 0
    outs:
    - path: ../../annotations/ner/annotations11_CharlotteLorin_2020-08-28_raw1_10EntityTypes.dev.spacy
      md5: bc57b219e2fd0df377c0eb426bb7a0cc
      size: 10450
    - path: ../../annotations/ner/annotations11_CharlotteLorin_2020-08-28_raw1_10EntityTypes.train.spacy
      md5: 75174ad674797b610fe59572e9d4df71
      size: 78390
  convert_annotations@annotation12:
    cmd: python preprocess.py ../../annotations/ner/annotations12_EmmanuelleLogette_2020-08-28_raw7_10EntityTypes.jsonl
    deps:
    - path: ../../annotations/ner/annotations12_EmmanuelleLogette_2020-08-28_raw7_10EntityTypes.jsonl
      md5: 117da032ef2e2792429dff88c06c90b7
      size: 62653
    - path: Dockerfile
      md5: 278779756800bc6d1ec980d48bd0dc8c
      size: 1715
    - path: preprocess.py
      md5: 88bf9f041552470b38febe664d78bcd7
      size: 4254
    params:
      params.yaml:
        train.corpora.dev_size: 0.1
        train.corpora.shuffle_seed: 0
    outs:
    - path: ../../annotations/ner/annotations12_EmmanuelleLogette_2020-08-28_raw7_10EntityTypes.dev.spacy
      md5: 6fffc7119d934a761c01e1344d13ed2e
      size: 1713
    - path: ../../annotations/ner/annotations12_EmmanuelleLogette_2020-08-28_raw7_10EntityTypes.train.spacy
      md5: a7d2bf9a391d4a55fcde3d666ed946c3
      size: 6942
