eval_biobert_nli_sts:
  cmd: python eval.py --annotation_files=../../annotations/sentence_embedding/sentence_similarity_cord19.csv
    --model=biobert_nli_sts --output_dir=../../metrics/sentence_embedding
  deps:
  - path: ../../annotations/sentence_embedding/sentence_similarity_cord19.csv
    md5: 92a4235ce8d292ff382ce008c31da45c
    size: 14587
  - path: Dockerfile
    md5: 39d7478e8564814c9d08e4c849cbccb7
    size: 1535
  - path: eval.py
    md5: d07c1e3afbf9986541ae740e6e14d583
    size: 4517
  params:
    params.yaml:
      eval.biobert_nli_sts:
        class: SentTransformer
        init_kwargs:
          model_name_or_path: clagator/biobert_v1.1_pubmed_nli_sts
  outs:
  - path: ../../metrics/sentence_embedding/biobert_nli_sts.csv
    md5: fae1c6d3a8efb3354dc3d81682491a07
    size: 1247
  - path: ../../metrics/sentence_embedding/biobert_nli_sts.json
    md5: 6e18e609b7587e199060a8ced9763d98
    size: 104
  - path: ../../metrics/sentence_embedding/biobert_nli_sts.png
    md5: a825e11f3b0765a6f65c216fc0600a37
    size: 153514
eval_bsv:
  cmd: python eval.py --annotation_files=../../annotations/sentence_embedding/sentence_similarity_cord19.csv
    --model=bsv --output_dir=../../metrics/sentence_embedding
  deps:
  - path: ../../annotations/sentence_embedding/sentence_similarity_cord19.csv
    md5: 92a4235ce8d292ff382ce008c31da45c
    size: 14587
  - path: ../../models/sentence_embedding/bsv
    md5: 67f1b8b438d9f9604afc4fb55ab29638.dir
    size: 22475737408
    nfiles: 3
  - path: Dockerfile
    md5: 39d7478e8564814c9d08e4c849cbccb7
    size: 1535
  - path: eval.py
    md5: d07c1e3afbf9986541ae740e6e14d583
    size: 4517
  params:
    params.yaml:
      eval.bsv:
        class: BSV
        init_kwargs:
          checkpoint_path: ../../models/sentence_embedding/bsv/BioSentVec_PubMed_MIMICIII-bigram_d700.bin
  outs:
  - path: ../../metrics/sentence_embedding/bsv.csv
    md5: 5849682de58ae1b1fc345c446ac60af3
    size: 1033
  - path: ../../metrics/sentence_embedding/bsv.json
    md5: 7242047f910557c7ec3f3d0f3bd78b2e
    size: 107
  - path: ../../metrics/sentence_embedding/bsv.png
    md5: fe7ee124da06a5b654984afb47d41cfb
    size: 132449
train_tf_idf:
  cmd: python train.py --sentences_file=../../annotations/sentence_embedding/cord19_v47_sentences_pre.txt
    --model=tf_idf --output_dir=../../models/sentence_embedding/tf_idf
  deps:
  - path: ../../annotations/sentence_embedding/cord19_v47_sentences_pre.txt
    md5: d0c68b698738f714df81eb5fb29236fe
    size: 2202482311
  - path: Dockerfile
    md5: 39d7478e8564814c9d08e4c849cbccb7
    size: 1535
  - path: train.py
    md5: 7e64b52b1957ef359cd47cf87e8cfb1b
    size: 3129
  params:
    params.yaml:
      train.tf_idf:
        init_kwargs:
          lowercase: true
  outs:
  - path: ../../models/sentence_embedding/tf_idf
    md5: d6ee9bd093dae907cc0db086c8be833e.dir
    size: 88474206
    nfiles: 1
eval_tf_idf:
  cmd: python eval.py --annotation_files=../../annotations/sentence_embedding/sentence_similarity_cord19.csv
    --model=tf_idf --output_dir=../../metrics/sentence_embedding
  deps:
  - path: ../../annotations/sentence_embedding/sentence_similarity_cord19.csv
    md5: 92a4235ce8d292ff382ce008c31da45c
    size: 14587
  - path: ../../models/sentence_embedding/tf_idf
    md5: d6ee9bd093dae907cc0db086c8be833e.dir
    size: 88474206
    nfiles: 1
  - path: Dockerfile
    md5: 39d7478e8564814c9d08e4c849cbccb7
    size: 1535
  - path: eval.py
    md5: d07c1e3afbf9986541ae740e6e14d583
    size: 4517
  params:
    params.yaml:
      eval.tf_idf:
        class: SklearnVectorizer
        init_kwargs:
          checkpoint_path: ../../models/sentence_embedding/tf_idf/model.pkl
  outs:
  - path: ../../metrics/sentence_embedding/tf_idf.csv
    md5: 212b39946c23a416a0056b5e48136b31
    size: 596
  - path: ../../metrics/sentence_embedding/tf_idf.json
    md5: 5d8beda62321460ed2221329b60d506a
    size: 106
  - path: ../../metrics/sentence_embedding/tf_idf.png
    md5: 71198bf60d0c83cdaaedab70fecfc824
    size: 86578
train_count:
  cmd: python train.py --sentences_file=../../annotations/sentence_embedding/cord19_v47_sentences_pre.txt
    --model=count --output_dir=../../models/sentence_embedding/count
  deps:
  - path: ../../annotations/sentence_embedding/cord19_v47_sentences_pre.txt
    md5: d0c68b698738f714df81eb5fb29236fe
    size: 2202482311
  - path: Dockerfile
    md5: 39d7478e8564814c9d08e4c849cbccb7
    size: 1535
  - path: train.py
    md5: 7e64b52b1957ef359cd47cf87e8cfb1b
    size: 3129
  params:
    params.yaml:
      train.count:
        init_kwargs:
          lowercase: true
  outs:
  - path: ../../models/sentence_embedding/count
    md5: a40cb29080c7f688da1a9bba86538aec.dir
    size: 53618191
    nfiles: 1
eval_count:
  cmd: python eval.py --annotation_files=../../annotations/sentence_embedding/sentence_similarity_cord19.csv
    --model=count --output_dir=../../metrics/sentence_embedding
  deps:
  - path: ../../annotations/sentence_embedding/sentence_similarity_cord19.csv
    md5: 92a4235ce8d292ff382ce008c31da45c
    size: 14587
  - path: ../../models/sentence_embedding/count
    md5: a40cb29080c7f688da1a9bba86538aec.dir
    size: 53618191
    nfiles: 1
  - path: Dockerfile
    md5: 39d7478e8564814c9d08e4c849cbccb7
    size: 1535
  - path: eval.py
    md5: d07c1e3afbf9986541ae740e6e14d583
    size: 4517
  params:
    params.yaml:
      eval.count:
        class: SklearnVectorizer
        init_kwargs:
          checkpoint_path: ../../models/sentence_embedding/count/model.pkl
  outs:
  - path: ../../metrics/sentence_embedding/count.csv
    md5: de5820a6b76984ac81eed350a1807f88
    size: 611
  - path: ../../metrics/sentence_embedding/count.json
    md5: 90ca5beef27c502587f20bfcf6187283
    size: 105
  - path: ../../metrics/sentence_embedding/count.png
    md5: 71198bf60d0c83cdaaedab70fecfc824
    size: 86578
eval_use:
  cmd: python eval.py --annotation_files=../../annotations/sentence_embedding/sentence_similarity_cord19.csv
    --model=use --output_dir=../../metrics/sentence_embedding
  deps:
  - path: ../../annotations/sentence_embedding/sentence_similarity_cord19.csv
    md5: 92a4235ce8d292ff382ce008c31da45c
    size: 14587
  - path: Dockerfile
    md5: 39d7478e8564814c9d08e4c849cbccb7
    size: 1535
  - path: eval.py
    md5: d07c1e3afbf9986541ae740e6e14d583
    size: 4517
  params:
    params.yaml:
      eval.use:
        class: USE
        init_kwargs:
          use_version: 5
  outs:
  - path: ../../metrics/sentence_embedding/use.csv
    md5: e5e731dee1bba890d71f979b89c7ea9a
    size: 1230
  - path: ../../metrics/sentence_embedding/use.json
    md5: f953cf29bd2869f0ff4f4b1940e9e62e
    size: 104
  - path: ../../metrics/sentence_embedding/use.png
    md5: 6544f0760e849828b3e1fb357f5c35df
    size: 162993
eval_sbert:
  cmd: python eval.py --annotation_files=../../annotations/sentence_embedding/sentence_similarity_cord19.csv
    --model=sbert --output_dir=../../metrics/sentence_embedding
  deps:
  - path: ../../annotations/sentence_embedding/sentence_similarity_cord19.csv
    md5: 92a4235ce8d292ff382ce008c31da45c
    size: 14587
  - path: Dockerfile
    md5: 39d7478e8564814c9d08e4c849cbccb7
    size: 1535
  - path: eval.py
    md5: d07c1e3afbf9986541ae740e6e14d583
    size: 4517
  params:
    params.yaml:
      eval.sbert:
        class: SentTransformer
        init_kwargs:
          model_name_or_path: bert-base-nli-mean-tokens
  outs:
  - path: ../../metrics/sentence_embedding/sbert.csv
    md5: 122f6acb30f412302775c51486c27ed4
    size: 1224
  - path: ../../metrics/sentence_embedding/sbert.json
    md5: f6e14fe75ee7969e42088e568a184a1d
    size: 106
  - path: ../../metrics/sentence_embedding/sbert.png
    md5: bd2d24d5776d28a067612c571925312f
    size: 156836
eval_sbiobert:
  cmd: python eval.py --annotation_files=../../annotations/sentence_embedding/sentence_similarity_cord19.csv
    --model=sbiobert --output_dir=../../metrics/sentence_embedding
  deps:
  - path: ../../annotations/sentence_embedding/sentence_similarity_cord19.csv
    md5: 92a4235ce8d292ff382ce008c31da45c
    size: 14587
  - path: Dockerfile
    md5: 39d7478e8564814c9d08e4c849cbccb7
    size: 1535
  - path: eval.py
    md5: d07c1e3afbf9986541ae740e6e14d583
    size: 4517
  params:
    params.yaml:
      eval.sbiobert:
        class: SBioBERT
        init_kwargs: {}
  outs:
  - path: ../../metrics/sentence_embedding/sbiobert.csv
    md5: e1b06106de5f9b4d19bb5944254c1615
    size: 1201
  - path: ../../metrics/sentence_embedding/sbiobert.json
    md5: 6b705689ca7a3d0d3a7db843458518bf
    size: 105
  - path: ../../metrics/sentence_embedding/sbiobert.png
    md5: 42e211add011ae67474a22667a06124f
    size: 155274
eval_biobert_nli_sts_cord19_v1:
  cmd: python eval.py --annotation_files=../../annotations/sentence_embedding/sentence_similarity_cord19.csv
    --model=biobert_nli_sts_cord19_v1 --output_dir=../../metrics/sentence_embedding
  deps:
  - path: ../../annotations/sentence_embedding/sentence_similarity_cord19.csv
    md5: 92a4235ce8d292ff382ce008c31da45c
    size: 14587
  - path: ../../models/sentence_embedding/biobert_nli_sts_cord19_v1
    md5: 9dccac418759a8c53f5da608dbd9f835.dir
    size: 433540587
    nfiles: 9
  - path: eval.py
    md5: b1a79b87b1f94d1c8af6759c5bdcf2ae
    size: 4546
  params:
    params.yaml:
      eval.biobert_nli_sts_cord19_v1:
        class: SentTransformer
        init_kwargs:
          model_name_or_path: ../../models/sentence_embedding/biobert_nli_sts_cord19_v1/
  outs:
  - path: ../../metrics/sentence_embedding/biobert_nli_sts_cord19_v1.csv
    md5: 345d1776e4ece04b434cc8aac8c8e7d1
    size: 1266
  - path: ../../metrics/sentence_embedding/biobert_nli_sts_cord19_v1.json
    md5: c4371ca281d5f224332115f5a31ce9cd
    size: 104
  - path: ../../metrics/sentence_embedding/biobert_nli_sts_cord19_v1.png
    md5: 58bb0b33e11e3e84e16a30445987ea4d
    size: 153802
