eval_biobert_nli_sts:
  cmd: python eval.py --annotation_files=../../annotations/sentence_embedding/sentence_similarity_cord19.csv
    --model=biobert_nli_sts --output_dir=../../metrics/sentence_embedding
  deps:
  - path: ../../annotations/sentence_embedding/sentence_similarity_cord19.csv
    md5: 92a4235ce8d292ff382ce008c31da45c
  - path: Dockerfile
    md5: cdd8a127766f760429134b1b294349ee
  - path: eval.py
    md5: 0a65518060e1a9a5082ad337e94fad29
  params:
    params.yaml:
      eval.biobert_nli_sts:
        class: SentTransformer
        init_kwargs:
          model_name: clagator/biobert_v1.1_pubmed_nli_sts
  outs:
  - path: ../../metrics/sentence_embedding/biobert_nli_sts.csv
    md5: c4fdc67b5ba47c37400bb4d4d2b51061
  - path: ../../metrics/sentence_embedding/biobert_nli_sts.json
    md5: 07ceb39e7a538a28f569e09f01ae56b1
  - path: ../../metrics/sentence_embedding/biobert_nli_sts.png
    md5: a8f476d62be97d376585784b7a7a8b79
eval_bsv:
  cmd: python eval.py --annotation_files=../../annotations/sentence_embedding/sentence_similarity_cord19.csv
    --model=bsv --output_dir=../../metrics/sentence_embedding
  deps:
  - path: ../../annotations/sentence_embedding/sentence_similarity_cord19.csv
    md5: 92a4235ce8d292ff382ce008c31da45c
  - path: ../../models/sentence_embedding/bsv
    md5: b58f43d35f0bacf99c4088bc487e3fa5.dir
  - path: Dockerfile
    md5: cdd8a127766f760429134b1b294349ee
  - path: eval.py
    md5: 0a65518060e1a9a5082ad337e94fad29
  params:
    params.yaml:
      eval.bsv:
        class: BSV
        init_kwargs:
          checkpoint_model_path: ../../models/sentence_embedding/bsv/BioSentVec_PubMed_MIMICIII-bigram_d700.bin
  outs:
  - path: ../../metrics/sentence_embedding/bsv.csv
    md5: 4323ecc2547ac4fdcdcf8c93deaa89b6
  - path: ../../metrics/sentence_embedding/bsv.json
    md5: 59bedb32e03ede0369812c9b9fef0652
  - path: ../../metrics/sentence_embedding/bsv.png
    md5: 099d65d576b3b695aef453eb881e7ae9
train_tf_idf:
  cmd: python train.py --sentences_file=../../annotations/sentence_embedding/cord19_v47_sentences_pre.txt
    --model=tf_idf --output_dir=../../models/sentence_embedding/tf_idf
  deps:
  - path: ../../annotations/sentence_embedding/cord19_v47_sentences_pre.txt
    md5: d0c68b698738f714df81eb5fb29236fe
  - path: Dockerfile
    md5: cdd8a127766f760429134b1b294349ee
  - path: train.py
    md5: 7335c304f78d66ce9b2a30b31fcbbac0
  params:
    params.yaml:
      train.tf_idf:
        init_kwargs:
          lowercase: true
  outs:
  - path: ../../models/sentence_embedding/tf_idf
    md5: 17fe16eb5b309b5a33e5ccb232380575.dir
eval_tf_idf:
  cmd: python eval.py --annotation_files=../../annotations/sentence_embedding/sentence_similarity_cord19.csv
    --model=tf_idf --output_dir=../../metrics/sentence_embedding
  deps:
  - path: ../../annotations/sentence_embedding/sentence_similarity_cord19.csv
    md5: 92a4235ce8d292ff382ce008c31da45c
  - path: ../../models/sentence_embedding/tf_idf
    md5: 17fe16eb5b309b5a33e5ccb232380575.dir
  - path: Dockerfile
    md5: cdd8a127766f760429134b1b294349ee
  - path: eval.py
    md5: 0a65518060e1a9a5082ad337e94fad29
  params:
    params.yaml:
      eval.tf_idf:
        class: SklearnVectorizer
        init_kwargs:
          checkpoint_path: ../../models/sentence_embedding/tf_idf/model.pkl
  outs:
  - path: ../../metrics/sentence_embedding/tf_idf.csv
    md5: 25dfd3ce96edeb02038735ed40a775bb
  - path: ../../metrics/sentence_embedding/tf_idf.json
    md5: 5d8beda62321460ed2221329b60d506a
  - path: ../../metrics/sentence_embedding/tf_idf.png
    md5: 20e99e64bc88b7c2980e63763c22684c
train_count:
  cmd: python train.py --sentences_file=../../annotations/sentence_embedding/cord19_v47_sentences_pre.txt
    --model=count --output_dir=../../models/sentence_embedding/count
  deps:
  - path: ../../annotations/sentence_embedding/cord19_v47_sentences_pre.txt
    md5: d0c68b698738f714df81eb5fb29236fe
  - path: Dockerfile
    md5: cdd8a127766f760429134b1b294349ee
  - path: train.py
    md5: 7335c304f78d66ce9b2a30b31fcbbac0
  params:
    params.yaml:
      train.count:
        init_kwargs:
          lowercase: true
  outs:
  - path: ../../models/sentence_embedding/count
    md5: 0ba440f24b981a7c92486f1fa354c93f.dir
eval_count:
  cmd: python eval.py --annotation_files=../../annotations/sentence_embedding/sentence_similarity_cord19.csv
    --model=count --output_dir=../../metrics/sentence_embedding
  deps:
  - path: ../../annotations/sentence_embedding/sentence_similarity_cord19.csv
    md5: 92a4235ce8d292ff382ce008c31da45c
  - path: ../../models/sentence_embedding/count
    md5: 0ba440f24b981a7c92486f1fa354c93f.dir
  - path: Dockerfile
    md5: cdd8a127766f760429134b1b294349ee
  - path: eval.py
    md5: 0a65518060e1a9a5082ad337e94fad29
  params:
    params.yaml:
      eval.count:
        class: SklearnVectorizer
        init_kwargs:
          checkpoint_path: ../../models/sentence_embedding/count/model.pkl
  outs:
  - path: ../../metrics/sentence_embedding/count.csv
    md5: cfda7f604ccea8117e847e24acec08eb
  - path: ../../metrics/sentence_embedding/count.json
    md5: 90ca5beef27c502587f20bfcf6187283
  - path: ../../metrics/sentence_embedding/count.png
    md5: 20e99e64bc88b7c2980e63763c22684c
eval_use:
  cmd: python eval.py --annotation_files=../../annotations/sentence_embedding/sentence_similarity_cord19.csv
    --model=use --output_dir=../../metrics/sentence_embedding
  deps:
  - path: ../../annotations/sentence_embedding/sentence_similarity_cord19.csv
    md5: 92a4235ce8d292ff382ce008c31da45c
  - path: Dockerfile
    md5: cdd8a127766f760429134b1b294349ee
  - path: eval.py
    md5: 0a65518060e1a9a5082ad337e94fad29
  params:
    params.yaml:
      eval.use:
        class: USE
        init_kwargs:
          use_version: 5
  outs:
  - path: ../../metrics/sentence_embedding/use.csv
    md5: cc176b46ccd7ad4e23168ca32160bd8e
  - path: ../../metrics/sentence_embedding/use.json
    md5: 4c72b969a56c9665b46a1fef13e48faa
  - path: ../../metrics/sentence_embedding/use.png
    md5: de4afeac604fa59a56b1b053efe5c116
eval_sbert:
  cmd: python eval.py --annotation_files=../../annotations/sentence_embedding/sentence_similarity_cord19.csv
    --model=sbert --output_dir=../../metrics/sentence_embedding
  deps:
  - path: ../../annotations/sentence_embedding/sentence_similarity_cord19.csv
    md5: 92a4235ce8d292ff382ce008c31da45c
  - path: Dockerfile
    md5: cdd8a127766f760429134b1b294349ee
  - path: eval.py
    md5: 0a65518060e1a9a5082ad337e94fad29
  params:
    params.yaml:
      eval.sbert:
        class: SentTransformer
        init_kwargs:
          model_name: bert-base-nli-mean-tokens
  outs:
  - path: ../../metrics/sentence_embedding/sbert.csv
    md5: 680c2257149b0b0ca17515d15d9c7c4c
  - path: ../../metrics/sentence_embedding/sbert.json
    md5: ea9c4003ca96c0a16ad5c971e447fee6
  - path: ../../metrics/sentence_embedding/sbert.png
    md5: bf2653a8da9a2243ba6f0d0d09585cbd
eval_sbiobert:
  cmd: python eval.py --annotation_files=../../annotations/sentence_embedding/sentence_similarity_cord19.csv
    --model=sbiobert --output_dir=../../metrics/sentence_embedding
  deps:
  - path: ../../annotations/sentence_embedding/sentence_similarity_cord19.csv
    md5: 92a4235ce8d292ff382ce008c31da45c
  - path: Dockerfile
    md5: cdd8a127766f760429134b1b294349ee
  - path: eval.py
    md5: 0a65518060e1a9a5082ad337e94fad29
  params:
    params.yaml:
      eval.sbiobert:
        class: SBioBERT
        init_kwargs: {}
  outs:
  - path: ../../metrics/sentence_embedding/sbiobert.csv
    md5: 3a972fc1e2b0a0745f8fd8ac8bbb8007
  - path: ../../metrics/sentence_embedding/sbiobert.json
    md5: aaba862daa19f719258ce728c0b226ad
  - path: ../../metrics/sentence_embedding/sbiobert.png
    md5: 02c6586fe480941bb7a2d40df10e37d0
