eval_biobert_nli_sts:
  cmd: python eval.py --annotation_files=../../annotations/sentence_embedding/sentence_similarity_cord19.csv
    --model=biobert_nli_sts --output_dir=../../metrics/sentence_embedding
  deps:
  - path: ../../annotations/sentence_embedding/sentence_similarity_cord19.csv
    md5: 92a4235ce8d292ff382ce008c31da45c
  - path: Dockerfile
    md5: cdd8a127766f760429134b1b294349ee
  - path: eval.py
    md5: f7b0b3434455b169ca6a924d231aba97
  params:
    params.yaml:
      eval.biobert_nli_sts:
        class: SentTransformer
        init_kwargs:
          checkpoint_path: clagator/biobert_v1.1_pubmed_nli_sts
  outs:
  - path: ../../metrics/sentence_embedding/biobert_nli_sts.csv
    md5: fae1c6d3a8efb3354dc3d81682491a07
  - path: ../../metrics/sentence_embedding/biobert_nli_sts.json
    md5: 07ceb39e7a538a28f569e09f01ae56b1
  - path: ../../metrics/sentence_embedding/biobert_nli_sts.png
    md5: f0f56319299ba4c29d08c14bbd82f544
eval_bsv:
  cmd: python eval.py --annotation_files=../../annotations/sentence_embedding/sentence_similarity_cord19.csv
    --model=bsv --output_dir=../../metrics/sentence_embedding
  deps:
  - path: ../../annotations/sentence_embedding/sentence_similarity_cord19.csv
    md5: 92a4235ce8d292ff382ce008c31da45c
  - path: ../../models/sentence_embedding/bsv
    md5: b58f43d35f0bacf99c4088bc487e3fa5.dir
  - path: Dockerfile
    md5: cdd8a127766f760429134b1b294349ee
  - path: eval.py
    md5: f7b0b3434455b169ca6a924d231aba97
  params:
    params.yaml:
      eval.bsv:
        class: BSV
        init_kwargs:
          checkpoint_path: ../../models/sentence_embedding/bsv/BioSentVec_PubMed_MIMICIII-bigram_d700.bin
  outs:
  - path: ../../metrics/sentence_embedding/bsv.csv
    md5: 5849682de58ae1b1fc345c446ac60af3
  - path: ../../metrics/sentence_embedding/bsv.json
    md5: 59bedb32e03ede0369812c9b9fef0652
  - path: ../../metrics/sentence_embedding/bsv.png
    md5: 8dfaeb2843380e72b1ca6188abf3f1ba
train_tf_idf:
  cmd: python train.py --sentences_file=../../annotations/sentence_embedding/cord19_v47_sentences_pre.txt
    --model=tf_idf --output_dir=../../models/sentence_embedding/tf_idf
  deps:
  - path: ../../annotations/sentence_embedding/cord19_v47_sentences_pre.txt
    md5: d0c68b698738f714df81eb5fb29236fe
  - path: Dockerfile
    md5: cdd8a127766f760429134b1b294349ee
  - path: train.py
    md5: f6cee44f7ab03e4013407f664a74a26e
  params:
    params.yaml:
      train.tf_idf:
        init_kwargs:
          lowercase: true
  outs:
  - path: ../../models/sentence_embedding/tf_idf
    md5: c3d8d93ea35588bea873d098cc3f8cdc.dir
eval_tf_idf:
  cmd: python eval.py --annotation_files=../../annotations/sentence_embedding/sentence_similarity_cord19.csv
    --model=tf_idf --output_dir=../../metrics/sentence_embedding
  deps:
  - path: ../../annotations/sentence_embedding/sentence_similarity_cord19.csv
    md5: 92a4235ce8d292ff382ce008c31da45c
  - path: ../../models/sentence_embedding/tf_idf
    md5: c3d8d93ea35588bea873d098cc3f8cdc.dir
  - path: Dockerfile
    md5: cdd8a127766f760429134b1b294349ee
  - path: eval.py
    md5: f7b0b3434455b169ca6a924d231aba97
  params:
    params.yaml:
      eval.tf_idf:
        class: SklearnVectorizer
        init_kwargs:
          checkpoint_path: ../../models/sentence_embedding/tf_idf/model.pkl
  outs:
  - path: ../../metrics/sentence_embedding/tf_idf.csv
    md5: 212b39946c23a416a0056b5e48136b31
  - path: ../../metrics/sentence_embedding/tf_idf.json
    md5: 5d8beda62321460ed2221329b60d506a
  - path: ../../metrics/sentence_embedding/tf_idf.png
    md5: 0859ee0b73f300c446f6931b1181a2de
train_count:
  cmd: python train.py --sentences_file=../../annotations/sentence_embedding/cord19_v47_sentences_pre.txt
    --model=count --output_dir=../../models/sentence_embedding/count
  deps:
  - path: ../../annotations/sentence_embedding/cord19_v47_sentences_pre.txt
    md5: d0c68b698738f714df81eb5fb29236fe
  - path: Dockerfile
    md5: cdd8a127766f760429134b1b294349ee
  - path: train.py
    md5: f6cee44f7ab03e4013407f664a74a26e
  params:
    params.yaml:
      train.count:
        init_kwargs:
          lowercase: true
  outs:
  - path: ../../models/sentence_embedding/count
    md5: 354a4e5495bda2eb663b9984f233d686.dir
eval_count:
  cmd: python eval.py --annotation_files=../../annotations/sentence_embedding/sentence_similarity_cord19.csv
    --model=count --output_dir=../../metrics/sentence_embedding
  deps:
  - path: ../../annotations/sentence_embedding/sentence_similarity_cord19.csv
    md5: 92a4235ce8d292ff382ce008c31da45c
  - path: ../../models/sentence_embedding/count
    md5: 354a4e5495bda2eb663b9984f233d686.dir
  - path: Dockerfile
    md5: cdd8a127766f760429134b1b294349ee
  - path: eval.py
    md5: f7b0b3434455b169ca6a924d231aba97
  params:
    params.yaml:
      eval.count:
        class: SklearnVectorizer
        init_kwargs:
          checkpoint_path: ../../models/sentence_embedding/count/model.pkl
  outs:
  - path: ../../metrics/sentence_embedding/count.csv
    md5: de5820a6b76984ac81eed350a1807f88
  - path: ../../metrics/sentence_embedding/count.json
    md5: 90ca5beef27c502587f20bfcf6187283
  - path: ../../metrics/sentence_embedding/count.png
    md5: 0859ee0b73f300c446f6931b1181a2de
eval_use:
  cmd: python eval.py --annotation_files=../../annotations/sentence_embedding/sentence_similarity_cord19.csv
    --model=use --output_dir=../../metrics/sentence_embedding
  deps:
  - path: ../../annotations/sentence_embedding/sentence_similarity_cord19.csv
    md5: 92a4235ce8d292ff382ce008c31da45c
  - path: Dockerfile
    md5: cdd8a127766f760429134b1b294349ee
  - path: eval.py
    md5: f7b0b3434455b169ca6a924d231aba97
  params:
    params.yaml:
      eval.use:
        class: USE
        init_kwargs:
          use_version: 5
  outs:
  - path: ../../metrics/sentence_embedding/use.csv
    md5: 723bbaf41c68dd09305820057a604a6a
  - path: ../../metrics/sentence_embedding/use.json
    md5: 4c72b969a56c9665b46a1fef13e48faa
  - path: ../../metrics/sentence_embedding/use.png
    md5: 8a0b8b0339891a0a6bf7d159a10ba551
eval_sbert:
  cmd: python eval.py --annotation_files=../../annotations/sentence_embedding/sentence_similarity_cord19.csv
    --model=sbert --output_dir=../../metrics/sentence_embedding
  deps:
  - path: ../../annotations/sentence_embedding/sentence_similarity_cord19.csv
    md5: 92a4235ce8d292ff382ce008c31da45c
  - path: Dockerfile
    md5: cdd8a127766f760429134b1b294349ee
  - path: eval.py
    md5: f7b0b3434455b169ca6a924d231aba97
  params:
    params.yaml:
      eval.sbert:
        class: SentTransformer
        init_kwargs:
          checkpoint_path: bert-base-nli-mean-tokens
  outs:
  - path: ../../metrics/sentence_embedding/sbert.csv
    md5: 122f6acb30f412302775c51486c27ed4
  - path: ../../metrics/sentence_embedding/sbert.json
    md5: ea9c4003ca96c0a16ad5c971e447fee6
  - path: ../../metrics/sentence_embedding/sbert.png
    md5: dceb91b8df273bb0f0819e6cab159427
eval_sbiobert:
  cmd: python eval.py --annotation_files=../../annotations/sentence_embedding/sentence_similarity_cord19.csv
    --model=sbiobert --output_dir=../../metrics/sentence_embedding
  deps:
  - path: ../../annotations/sentence_embedding/sentence_similarity_cord19.csv
    md5: 92a4235ce8d292ff382ce008c31da45c
  - path: Dockerfile
    md5: cdd8a127766f760429134b1b294349ee
  - path: eval.py
    md5: f7b0b3434455b169ca6a924d231aba97
  params:
    params.yaml:
      eval.sbiobert:
        class: SBioBERT
        init_kwargs: {}
  outs:
  - path: ../../metrics/sentence_embedding/sbiobert.csv
    md5: e1b06106de5f9b4d19bb5944254c1615
  - path: ../../metrics/sentence_embedding/sbiobert.json
    md5: aaba862daa19f719258ce728c0b226ad
  - path: ../../metrics/sentence_embedding/sbiobert.png
    md5: a6b355afade21090108b3322ef5e712e
